<?xml version="1.0" encoding="utf-8"?>
<Project ToolsVersion="4.0" xmlns="http://schemas.microsoft.com/developer/msbuild/2003">
  <ItemGroup>
    <Filter Include="Headerdateien">
      <UniqueIdentifier>{93995380-89BD-4b04-88EB-625FBE52EBFB}</UniqueIdentifier>
      <Extensions>h;hh;hpp;hxx;hm;inl;inc;ipp;xsd</Extensions>
    </Filter>
    <Filter Include="Ressourcendateien">
      <UniqueIdentifier>{67DA6AB6-F800-4c08-8B7A-83BB121AAD01}</UniqueIdentifier>
      <Extensions>rc;ico;cur;bmp;dlg;rc2;rct;bin;rgs;gif;jpg;jpeg;jpe;resx;tiff;tif;png;wav;mfcribbon-ms</Extensions>
    </Filter>
    <Filter Include="NB_Illumination">
      <UniqueIdentifier>{47668358-72f2-488d-9a58-eee83252616d}</UniqueIdentifier>
    </Filter>
    <Filter Include="NB_Shader">
      <UniqueIdentifier>{25b6e24a-576c-482e-91a6-8120161f87aa}</UniqueIdentifier>
    </Filter>
    <Filter Include="NB_Utility">
      <UniqueIdentifier>{88e43007-0cb7-4550-8142-8d4405196d40}</UniqueIdentifier>
    </Filter>
    <Filter Include="NB_Window">
      <UniqueIdentifier>{f818fe86-8843-4fbc-a8c5-4791a7f51247}</UniqueIdentifier>
    </Filter>
    <Filter Include="NB_Mesh">
      <UniqueIdentifier>{a6e6a28a-b5ed-424d-8b76-ec5126e833fc}</UniqueIdentifier>
    </Filter>
    <Filter Include="Quelldateien">
      <UniqueIdentifier>{4FC737F1-C7A5-4376-A066-2A32D752A2FF}</UniqueIdentifier>
      <Extensions>cpp;c;cc;cxx;def;odl;idl;hpj;bat;asm;asmx</Extensions>
    </Filter>
    <Filter Include="NB_Event_Handler">
      <UniqueIdentifier>{c6227c47-9708-477e-9abf-f2479d75a65c}</UniqueIdentifier>
    </Filter>
    <Filter Include="NB_Material">
      <UniqueIdentifier>{f24adbe3-e4d5-474c-92e5-159d9cebafde}</UniqueIdentifier>
    </Filter>
    <Filter Include="NB_Camera">
      <UniqueIdentifier>{8da3fd40-cbe7-4edb-8938-36f1c45443a6}</UniqueIdentifier>
    </Filter>
    <Filter Include="NB_Object">
      <UniqueIdentifier>{35faf6a2-d839-4cb9-b1d9-3afea6e92580}</UniqueIdentifier>
    </Filter>
    <Filter Include="res">
      <UniqueIdentifier>{8075cba5-266a-4272-8f58-f2f4176bc092}</UniqueIdentifier>
    </Filter>
    <Filter Include="res\standard shader">
      <UniqueIdentifier>{7170cfd9-1551-476e-a466-25f854ed89d8}</UniqueIdentifier>
    </Filter>
  </ItemGroup>
  <ItemGroup>
    <ClCompile Include="NB_Point_Light.cpp">
      <Filter>NB_Illumination</Filter>
    </ClCompile>
    <ClCompile Include="NB_Shader.cpp">
      <Filter>NB_Shader</Filter>
    </ClCompile>
    <ClCompile Include="NB_Utility.cpp">
      <Filter>NB_Utility</Filter>
    </ClCompile>
    <ClCompile Include="NB_Window.cpp">
      <Filter>NB_Window</Filter>
    </ClCompile>
    <ClCompile Include="NB_Rendering_Mesh.cpp">
      <Filter>NB_Mesh</Filter>
    </ClCompile>
    <ClCompile Include="NB_Texture.cpp">
      <Filter>NB_Material</Filter>
    </ClCompile>
    <ClCompile Include="NB_Camera.cpp">
      <Filter>NB_Camera</Filter>
    </ClCompile>
    <ClCompile Include="NB_Object.cpp">
      <Filter>NB_Object</Filter>
    </ClCompile>
    <ClCompile Include="NB_Material.cpp">
      <Filter>NB_Material</Filter>
    </ClCompile>
    <ClCompile Include="NB_Mesh.cpp">
      <Filter>NB_Mesh</Filter>
    </ClCompile>
    <ClCompile Include="NB_Standard_Shader.cpp">
      <Filter>NB_Shader</Filter>
    </ClCompile>
    <ClCompile Include="NB_Model.cpp">
      <Filter>NB_Object</Filter>
    </ClCompile>
    <ClCompile Include="NB_Console_Handler.cpp">
      <Filter>NB_Utility</Filter>
    </ClCompile>
  </ItemGroup>
  <ItemGroup>
    <ClInclude Include="NB_Light.h">
      <Filter>NB_Illumination</Filter>
    </ClInclude>
    <ClInclude Include="NB_Directional_Light.h">
      <Filter>NB_Illumination</Filter>
    </ClInclude>
    <ClInclude Include="NB_Point_Light.h">
      <Filter>NB_Illumination</Filter>
    </ClInclude>
    <ClInclude Include="NB_Illumination.h">
      <Filter>NB_Illumination</Filter>
    </ClInclude>
    <ClInclude Include="NB_Shader.h">
      <Filter>NB_Shader</Filter>
    </ClInclude>
    <ClInclude Include="NB_Utility.h">
      <Filter>NB_Utility</Filter>
    </ClInclude>
    <ClInclude Include="NB_Window.h">
      <Filter>NB_Window</Filter>
    </ClInclude>
    <ClInclude Include="NB_Rendering_Mesh.h">
      <Filter>NB_Mesh</Filter>
    </ClInclude>
    <ClInclude Include="NB_Event_Handler.h">
      <Filter>NB_Event_Handler</Filter>
    </ClInclude>
    <ClInclude Include="NB_Graphics.h">
      <Filter>Headerdateien</Filter>
    </ClInclude>
    <ClInclude Include="NB_Texture.h">
      <Filter>NB_Material</Filter>
    </ClInclude>
    <ClInclude Include="NB_Camera.h">
      <Filter>NB_Camera</Filter>
    </ClInclude>
    <ClInclude Include="NB_Object.h">
      <Filter>NB_Object</Filter>
    </ClInclude>
    <ClInclude Include="NB_Transform.h">
      <Filter>NB_Object</Filter>
    </ClInclude>
    <ClInclude Include="NB_Material.h">
      <Filter>NB_Material</Filter>
    </ClInclude>
    <ClInclude Include="NB_Mesh.h">
      <Filter>NB_Mesh</Filter>
    </ClInclude>
    <ClInclude Include="NB_Standard_Shader.h">
      <Filter>NB_Shader</Filter>
    </ClInclude>
    <ClInclude Include="NB_Model.h">
      <Filter>NB_Object</Filter>
    </ClInclude>
    <ClInclude Include="NB_Console_Handler.h">
      <Filter>NB_Utility</Filter>
    </ClInclude>
  </ItemGroup>
  <ItemGroup>
    <None Include="..\res\standard shader\standard_texture_shader.frag">
      <Filter>res\standard shader</Filter>
    </None>
    <None Include="..\res\standard shader\standard_texture_shader.vert">
      <Filter>res\standard shader</Filter>
    </None>
  </ItemGroup>
</Project>